
Microsoft Visual Studio Solution File, Format Version 12.00
# Visual Studio Version 17
VisualStudioVersion = 17.3.32825.248
MinimumVisualStudioVersion = 10.0.40219.1
Project("{FAE04EC0-301F-11D3-BF4B-00C04F79EFBC}") = "speedCam", "speedCam.csproj", "{0F4C0A9A-AA76-4F13-9D57-C3709145CDFF}"
EndProject
Global
	GlobalSection(SolutionConfigurationPlatforms) = preSolution
		Debug|Any CPU = Debug|Any CPU
		Release|Any CPU = Release|Any CPU
	EndGlobalSection
	GlobalSection(ProjectConfigurationPlatforms) = postSolution
		{0F4C0A9A-AA76-4F13-9D57-C3709145CDFF}.Debug|Any CPU.ActiveCfg = Debug|Any CPU
		{0F4C0A9A-AA76-4F13-9D57-C3709145CDFF}.Debug|Any CPU.Build.0 = Debug|Any CPU
		{0F4C0A9A-AA76-4F13-9D57-C3709145CDFF}.Release|Any CPU.ActiveCfg = Release|Any CPU
		{0F4C0A9A-AA76-4F13-9D57-C3709145CDFF}.Release|Any CPU.Build.0 = Release|Any CPU
	EndGlobalSection
	GlobalSection(SolutionProperties) = preSolution
		HideSolutionNode = FALSE
	EndGlobalSection
	GlobalSection(ExtensibilityGlobals) = postSolution
		SolutionGuid = {80C7A4EF-4BAF-4418-A2ED-C605B5E76DEE}
	EndGlobalSection
EndGlobal
